<?xml version="1.0" encoding="utf-8"?>
<Project ToolsVersion="4.0" xmlns="http://schemas.microsoft.com/developer/msbuild/2003">
  <ItemGroup>
    <Filter Include="Source Files">
      <UniqueIdentifier>{4FC737F1-C7A5-4376-A066-2A32D752A2FF}</UniqueIdentifier>
      <Extensions>cpp;c;cc;cxx;def;odl;idl;hpj;bat;asm;asmx</Extensions>
    </Filter>
    <Filter Include="Header Files">
      <UniqueIdentifier>{93995380-89BD-4b04-88EB-625FBE52EBFB}</UniqueIdentifier>
      <Extensions>h;hpp;hxx;hm;inl;inc;xsd</Extensions>
    </Filter>
    <Filter Include="Resource Files">
      <UniqueIdentifier>{67DA6AB6-F800-4c08-8B7A-83BB121AAD01}</UniqueIdentifier>
      <Extensions>rc;ico;cur;bmp;dlg;rc2;rct;bin;rgs;gif;jpg;jpeg;jpe;resx;tiff;tif;png;wav</Extensions>
    </Filter>
  </ItemGroup>
  <ItemGroup>
    <ClCompile Include="..\..\bdetools\bdemount.c">
      <Filter>Source Files</Filter>
    </ClCompile>
    <ClCompile Include="..\..\bdetools\bdetools_getopt.c">
      <Filter>Source Files</Filter>
    </ClCompile>
    <ClCompile Include="..\..\bdetools\bdetools_input.c">
      <Filter>Source Files</Filter>
    </ClCompile>
    <ClCompile Include="..\..\bdetools\bdetools_output.c">
      <Filter>Source Files</Filter>
    </ClCompile>
    <ClCompile Include="..\..\bdetools\bdetools_signal.c">
      <Filter>Source Files</Filter>
    </ClCompile>
    <ClCompile Include="..\..\bdetools\mount_dokan.c">
      <Filter>Source Files</Filter>
    </ClCompile>
    <ClCompile Include="..\..\bdetools\mount_file_entry.c">
      <Filter>Source Files</Filter>
    </ClCompile>
    <ClCompile Include="..\..\bdetools\mount_file_system.c">
      <Filter>Source Files</Filter>
    </ClCompile>
    <ClCompile Include="..\..\bdetools\mount_fuse.c">
      <Filter>Source Files</Filter>
    </ClCompile>
    <ClCompile Include="..\..\bdetools\mount_handle.c">
      <Filter>Source Files</Filter>
    </ClCompile>
  </ItemGroup>
  <ItemGroup>
    <ClInclude Include="..\..\bdetools\bdetools_getopt.h">
      <Filter>Header Files</Filter>
    </ClInclude>
    <ClInclude Include="..\..\bdetools\bdetools_i18n.h">
      <Filter>Header Files</Filter>
    </ClInclude>
    <ClInclude Include="..\..\bdetools\bdetools_input.h">
      <Filter>Header Files</Filter>
    </ClInclude>
    <ClInclude Include="..\..\bdetools\bdetools_libbde.h">
      <Filter>Header Files</Filter>
    </ClInclude>
    <ClInclude Include="..\..\bdetools\bdetools_libbfio.h">
      <Filter>Header Files</Filter>
    </ClInclude>
    <ClInclude Include="..\..\bdetools\bdetools_libcdata.h">
      <Filter>Header Files</Filter>
    </ClInclude>
    <ClInclude Include="..\..\bdetools\bdetools_libcerror.h">
      <Filter>Header Files</Filter>
    </ClInclude>
    <ClInclude Include="..\..\bdetools\bdetools_libclocale.h">
      <Filter>Header Files</Filter>
    </ClInclude>
    <ClInclude Include="..\..\bdetools\bdetools_libcnotify.h">
      <Filter>Header Files</Filter>
    </ClInclude>
    <ClInclude Include="..\..\bdetools\bdetools_libcpath.h">
      <Filter>Header Files</Filter>
    </ClInclude>
    <ClInclude Include="..\..\bdetools\bdetools_libcsplit.h">
      <Filter>Header Files</Filter>
    </ClInclude>
    <ClInclude Include="..\..\bdetools\bdetools_output.h">
      <Filter>Header Files</Filter>
    </ClInclude>
    <ClInclude Include="..\..\bdetools\bdetools_signal.h">
      <Filter>Header Files</Filter>
    </ClInclude>
    <ClInclude Include="..\..\bdetools\bdetools_unused.h">
      <Filter>Header Files</Filter>
    </ClInclude>
    <ClInclude Include="..\..\bdetools\mount_dokan.h">
      <Filter>Header Files</Filter>
    </ClInclude>
    <ClInclude Include="..\..\bdetools\mount_file_entry.h">
      <Filter>Header Files</Filter>
    </ClInclude>
    <ClInclude Include="..\..\bdetools\mount_file_system.h">
      <Filter>Header Files</Filter>
    </ClInclude>
    <ClInclude Include="..\..\bdetools\mount_fuse.h">
      <Filter>Header Files</Filter>
    </ClInclude>
    <ClInclude Include="..\..\bdetools\mount_handle.h">
      <Filter>Header Files</Filter>
    </ClInclude>
  </ItemGroup>
</Project>