<?xml version="1.0" encoding="utf-8"?>
<Project ToolsVersion="4.0" xmlns="http://schemas.microsoft.com/developer/msbuild/2003">
  <ItemGroup>
    <Filter Include="Source Files">
      <UniqueIdentifier>{4FC737F1-C7A5-4376-A066-2A32D752A2FF}</UniqueIdentifier>
      <Extensions>cpp;c;cc;cxx;def;odl;idl;hpj;bat;asm;asmx</Extensions>
    </Filter>
    <Filter Include="Header Files">
      <UniqueIdentifier>{93995380-89BD-4b04-88EB-625FBE52EBFB}</UniqueIdentifier>
      <Extensions>h;hpp;hxx;hm;inl;inc;xsd</Extensions>
    </Filter>
    <Filter Include="Resource Files">
      <UniqueIdentifier>{67DA6AB6-F800-4c08-8B7A-83BB121AAD01}</UniqueIdentifier>
      <Extensions>rc;ico;cur;bmp;dlg;rc2;rct;bin;rgs;gif;jpg;jpeg;jpe;resx;tiff;tif;png;wav</Extensions>
    </Filter>
  </ItemGroup>
  <ItemGroup>
    <ClCompile Include="..\..\libcpath\libcpath_error.c">
      <Filter>Source Files</Filter>
    </ClCompile>
    <ClCompile Include="..\..\libcpath\libcpath_path.c">
      <Filter>Source Files</Filter>
    </ClCompile>
    <ClCompile Include="..\..\libcpath\libcpath_support.c">
      <Filter>Source Files</Filter>
    </ClCompile>
    <ClCompile Include="..\..\libcpath\libcpath_system_string.c">
      <Filter>Source Files</Filter>
    </ClCompile>
  </ItemGroup>
  <ItemGroup>
    <ClInclude Include="..\..\libcpath\libcpath_definitions.h">
      <Filter>Header Files</Filter>
    </ClInclude>
    <ClInclude Include="..\..\libcpath\libcpath_error.h">
      <Filter>Header Files</Filter>
    </ClInclude>
    <ClInclude Include="..\..\libcpath\libcpath_extern.h">
      <Filter>Header Files</Filter>
    </ClInclude>
    <ClInclude Include="..\..\libcpath\libcpath_libcerror.h">
      <Filter>Header Files</Filter>
    </ClInclude>
    <ClInclude Include="..\..\libcpath\libcpath_libclocale.h">
      <Filter>Header Files</Filter>
    </ClInclude>
    <ClInclude Include="..\..\libcpath\libcpath_libcsplit.h">
      <Filter>Header Files</Filter>
    </ClInclude>
    <ClInclude Include="..\..\libcpath\libcpath_libuna.h">
      <Filter>Header Files</Filter>
    </ClInclude>
    <ClInclude Include="..\..\libcpath\libcpath_path.h">
      <Filter>Header Files</Filter>
    </ClInclude>
    <ClInclude Include="..\..\libcpath\libcpath_support.h">
      <Filter>Header Files</Filter>
    </ClInclude>
    <ClInclude Include="..\..\libcpath\libcpath_system_string.h">
      <Filter>Header Files</Filter>
    </ClInclude>
    <ClInclude Include="..\..\libcpath\libcpath_unused.h">
      <Filter>Header Files</Filter>
    </ClInclude>
  </ItemGroup>
</Project>