<?xml version="1.0" encoding="utf-8"?>
<Project ToolsVersion="4.0" xmlns="http://schemas.microsoft.com/developer/msbuild/2003">
  <ItemGroup>
    <Filter Include="Source Files">
      <UniqueIdentifier>{4FC737F1-C7A5-4376-A066-2A32D752A2FF}</UniqueIdentifier>
      <Extensions>cpp;c;cc;cxx;def;odl;idl;hpj;bat;asm;asmx</Extensions>
    </Filter>
    <Filter Include="Header Files">
      <UniqueIdentifier>{93995380-89BD-4b04-88EB-625FBE52EBFB}</UniqueIdentifier>
      <Extensions>h;hpp;hxx;hm;inl;inc;xsd</Extensions>
    </Filter>
    <Filter Include="Resource Files">
      <UniqueIdentifier>{67DA6AB6-F800-4c08-8B7A-83BB121AAD01}</UniqueIdentifier>
      <Extensions>rc;ico;cur;bmp;dlg;rc2;rct;bin;rgs;gif;jpg;jpeg;jpe;resx;tiff;tif;png;wav</Extensions>
    </Filter>
  </ItemGroup>
  <ItemGroup>
    <ClCompile Include="..\..\pybde\pybde.c">
      <Filter>Source Files</Filter>
    </ClCompile>
    <ClCompile Include="..\..\pybde\pybde_datetime.c">
      <Filter>Source Files</Filter>
    </ClCompile>
    <ClCompile Include="..\..\pybde\pybde_encryption_methods.c">
      <Filter>Source Files</Filter>
    </ClCompile>
    <ClCompile Include="..\..\pybde\pybde_error.c">
      <Filter>Source Files</Filter>
    </ClCompile>
    <ClCompile Include="..\..\pybde\pybde_file_object_io_handle.c">
      <Filter>Source Files</Filter>
    </ClCompile>
    <ClCompile Include="..\..\pybde\pybde_guid.c">
      <Filter>Source Files</Filter>
    </ClCompile>
    <ClCompile Include="..\..\pybde\pybde_integer.c">
      <Filter>Source Files</Filter>
    </ClCompile>
    <ClCompile Include="..\..\pybde\pybde_key_protection_types.c">
      <Filter>Source Files</Filter>
    </ClCompile>
    <ClCompile Include="..\..\pybde\pybde_key_protector.c">
      <Filter>Source Files</Filter>
    </ClCompile>
    <ClCompile Include="..\..\pybde\pybde_key_protectors.c">
      <Filter>Source Files</Filter>
    </ClCompile>
    <ClCompile Include="..\..\pybde\pybde_volume.c">
      <Filter>Source Files</Filter>
    </ClCompile>
  </ItemGroup>
  <ItemGroup>
    <ClInclude Include="..\..\pybde\pybde.h">
      <Filter>Header Files</Filter>
    </ClInclude>
    <ClInclude Include="..\..\pybde\pybde_datetime.h">
      <Filter>Header Files</Filter>
    </ClInclude>
    <ClInclude Include="..\..\pybde\pybde_encryption_methods.h">
      <Filter>Header Files</Filter>
    </ClInclude>
    <ClInclude Include="..\..\pybde\pybde_error.h">
      <Filter>Header Files</Filter>
    </ClInclude>
    <ClInclude Include="..\..\pybde\pybde_file_object_io_handle.h">
      <Filter>Header Files</Filter>
    </ClInclude>
    <ClInclude Include="..\..\pybde\pybde_guid.h">
      <Filter>Header Files</Filter>
    </ClInclude>
    <ClInclude Include="..\..\pybde\pybde_integer.h">
      <Filter>Header Files</Filter>
    </ClInclude>
    <ClInclude Include="..\..\pybde\pybde_key_protection_types.h">
      <Filter>Header Files</Filter>
    </ClInclude>
    <ClInclude Include="..\..\pybde\pybde_key_protector.h">
      <Filter>Header Files</Filter>
    </ClInclude>
    <ClInclude Include="..\..\pybde\pybde_key_protectors.h">
      <Filter>Header Files</Filter>
    </ClInclude>
    <ClInclude Include="..\..\pybde\pybde_libbde.h">
      <Filter>Header Files</Filter>
    </ClInclude>
    <ClInclude Include="..\..\pybde\pybde_libbfio.h">
      <Filter>Header Files</Filter>
    </ClInclude>
    <ClInclude Include="..\..\pybde\pybde_libcerror.h">
      <Filter>Header Files</Filter>
    </ClInclude>
    <ClInclude Include="..\..\pybde\pybde_libclocale.h">
      <Filter>Header Files</Filter>
    </ClInclude>
    <ClInclude Include="..\..\pybde\pybde_libfguid.h">
      <Filter>Header Files</Filter>
    </ClInclude>
    <ClInclude Include="..\..\pybde\pybde_python.h">
      <Filter>Header Files</Filter>
    </ClInclude>
    <ClInclude Include="..\..\pybde\pybde_unused.h">
      <Filter>Header Files</Filter>
    </ClInclude>
    <ClInclude Include="..\..\pybde\pybde_volume.h">
      <Filter>Header Files</Filter>
    </ClInclude>
  </ItemGroup>
</Project>