<?xml version="1.0" encoding="utf-8"?>
<Project ToolsVersion="4.0" xmlns="http://schemas.microsoft.com/developer/msbuild/2003">
  <ItemGroup>
    <Filter Include="Source Files">
      <UniqueIdentifier>{4FC737F1-C7A5-4376-A066-2A32D752A2FF}</UniqueIdentifier>
      <Extensions>cpp;c;cc;cxx;def;odl;idl;hpj;bat;asm;asmx</Extensions>
    </Filter>
    <Filter Include="Header Files">
      <UniqueIdentifier>{93995380-89BD-4b04-88EB-625FBE52EBFB}</UniqueIdentifier>
      <Extensions>h;hpp;hxx;hm;inl;inc;xsd</Extensions>
    </Filter>
    <Filter Include="Resource Files">
      <UniqueIdentifier>{67DA6AB6-F800-4c08-8B7A-83BB121AAD01}</UniqueIdentifier>
      <Extensions>rc;ico;cur;bmp;dlg;rc2;rct;bin;rgs;gif;jpg;jpeg;jpe;resx;tiff;tif;png;wav</Extensions>
    </Filter>
  </ItemGroup>
  <ItemGroup>
    <ClCompile Include="..\..\libcdata\libcdata_array.c">
      <Filter>Source Files</Filter>
    </ClCompile>
    <ClCompile Include="..\..\libcdata\libcdata_btree.c">
      <Filter>Source Files</Filter>
    </ClCompile>
    <ClCompile Include="..\..\libcdata\libcdata_btree_node.c">
      <Filter>Source Files</Filter>
    </ClCompile>
    <ClCompile Include="..\..\libcdata\libcdata_btree_values_list.c">
      <Filter>Source Files</Filter>
    </ClCompile>
    <ClCompile Include="..\..\libcdata\libcdata_error.c">
      <Filter>Source Files</Filter>
    </ClCompile>
    <ClCompile Include="..\..\libcdata\libcdata_list.c">
      <Filter>Source Files</Filter>
    </ClCompile>
    <ClCompile Include="..\..\libcdata\libcdata_list_element.c">
      <Filter>Source Files</Filter>
    </ClCompile>
    <ClCompile Include="..\..\libcdata\libcdata_range_list.c">
      <Filter>Source Files</Filter>
    </ClCompile>
    <ClCompile Include="..\..\libcdata\libcdata_range_list_value.c">
      <Filter>Source Files</Filter>
    </ClCompile>
    <ClCompile Include="..\..\libcdata\libcdata_support.c">
      <Filter>Source Files</Filter>
    </ClCompile>
    <ClCompile Include="..\..\libcdata\libcdata_tree_node.c">
      <Filter>Source Files</Filter>
    </ClCompile>
  </ItemGroup>
  <ItemGroup>
    <ClInclude Include="..\..\libcdata\libcdata_array.h">
      <Filter>Header Files</Filter>
    </ClInclude>
    <ClInclude Include="..\..\libcdata\libcdata_btree.h">
      <Filter>Header Files</Filter>
    </ClInclude>
    <ClInclude Include="..\..\libcdata\libcdata_btree_node.h">
      <Filter>Header Files</Filter>
    </ClInclude>
    <ClInclude Include="..\..\libcdata\libcdata_btree_values_list.h">
      <Filter>Header Files</Filter>
    </ClInclude>
    <ClInclude Include="..\..\libcdata\libcdata_definitions.h">
      <Filter>Header Files</Filter>
    </ClInclude>
    <ClInclude Include="..\..\libcdata\libcdata_error.h">
      <Filter>Header Files</Filter>
    </ClInclude>
    <ClInclude Include="..\..\libcdata\libcdata_extern.h">
      <Filter>Header Files</Filter>
    </ClInclude>
    <ClInclude Include="..\..\libcdata\libcdata_libcerror.h">
      <Filter>Header Files</Filter>
    </ClInclude>
    <ClInclude Include="..\..\libcdata\libcdata_libcthreads.h">
      <Filter>Header Files</Filter>
    </ClInclude>
    <ClInclude Include="..\..\libcdata\libcdata_list.h">
      <Filter>Header Files</Filter>
    </ClInclude>
    <ClInclude Include="..\..\libcdata\libcdata_list_element.h">
      <Filter>Header Files</Filter>
    </ClInclude>
    <ClInclude Include="..\..\libcdata\libcdata_range_list.h">
      <Filter>Header Files</Filter>
    </ClInclude>
    <ClInclude Include="..\..\libcdata\libcdata_range_list_value.h">
      <Filter>Header Files</Filter>
    </ClInclude>
    <ClInclude Include="..\..\libcdata\libcdata_support.h">
      <Filter>Header Files</Filter>
    </ClInclude>
    <ClInclude Include="..\..\libcdata\libcdata_tree_node.h">
      <Filter>Header Files</Filter>
    </ClInclude>
    <ClInclude Include="..\..\libcdata\libcdata_types.h">
      <Filter>Header Files</Filter>
    </ClInclude>
    <ClInclude Include="..\..\libcdata\libcdata_unused.h">
      <Filter>Header Files</Filter>
    </ClInclude>
  </ItemGroup>
</Project>