
Microsoft Visual Studio Solution File, Format Version 10.00
# Visual C++ Express 2008
Project("{8BC9CEB8-8B4A-11D0-8D11-00A0C91BC942}") = "libfcache", "libfcache\libfcache.vcproj", "{3D19EAAD-9195-468B-BC5B-D147A89CA4F5}"
	ProjectSection(ProjectDependencies) = postProject
		{BD3A95FA-A3DE-4B79-A889-A7E5ECA4B69C} = {BD3A95FA-A3DE-4B79-A889-A7E5ECA4B69C}
		{8AFAA2C6-E025-4B45-B96F-A27D04C6115A} = {8AFAA2C6-E025-4B45-B96F-A27D04C6115A}
		{B9332DC8-7594-47DF-80C1-38922E0F4DFB} = {B9332DC8-7594-47DF-80C1-38922E0F4DFB}
	EndProjectSection
EndProject
Project("{8BC9CEB8-8B4A-11D0-8D11-00A0C91BC942}") = "libfguid", "libfguid\libfguid.vcproj", "{8C13E498-6369-4792-A0CF-B7134C54561B}"
	ProjectSection(ProjectDependencies) = postProject
		{BD3A95FA-A3DE-4B79-A889-A7E5ECA4B69C} = {BD3A95FA-A3DE-4B79-A889-A7E5ECA4B69C}
	EndProjectSection
EndProject
Project("{8BC9CEB8-8B4A-11D0-8D11-00A0C91BC942}") = "bde_test_aes_ccm_encrypted_key", "bde_test_aes_ccm_encrypted_key\bde_test_aes_ccm_encrypted_key.vcproj", "{3BE4ADBE-7CA5-43D0-A80F-C6DAE51D19AD}"
	ProjectSection(ProjectDependencies) = postProject
		{2CC46A0F-2CD9-4BD1-9667-8DDDECC98C96} = {2CC46A0F-2CD9-4BD1-9667-8DDDECC98C96}
		{BD3A95FA-A3DE-4B79-A889-A7E5ECA4B69C} = {BD3A95FA-A3DE-4B79-A889-A7E5ECA4B69C}
	EndProjectSection
EndProject
Project("{8BC9CEB8-8B4A-11D0-8D11-00A0C91BC942}") = "bde_test_encryption_context", "bde_test_encryption_context\bde_test_encryption_context.vcproj", "{CB6B16F2-26B4-4D12-A36F-881C1EB08876}"
	ProjectSection(ProjectDependencies) = postProject
		{2CC46A0F-2CD9-4BD1-9667-8DDDECC98C96} = {2CC46A0F-2CD9-4BD1-9667-8DDDECC98C96}
		{BD3A95FA-A3DE-4B79-A889-A7E5ECA4B69C} = {BD3A95FA-A3DE-4B79-A889-A7E5ECA4B69C}
	EndProjectSection
EndProject
Project("{8BC9CEB8-8B4A-11D0-8D11-00A0C91BC942}") = "bde_test_error", "bde_test_error\bde_test_error.vcproj", "{10A45585-35B3-4248-9911-BDCC22674D04}"
	ProjectSection(ProjectDependencies) = postProject
		{2CC46A0F-2CD9-4BD1-9667-8DDDECC98C96} = {2CC46A0F-2CD9-4BD1-9667-8DDDECC98C96}
	EndProjectSection
EndProject
Project("{8BC9CEB8-8B4A-11D0-8D11-00A0C91BC942}") = "bde_test_external_key", "bde_test_external_key\bde_test_external_key.vcproj", "{4B88F55E-DF39-4138-B8B2-07384AD9FA15}"
	ProjectSection(ProjectDependencies) = postProject
		{2CC46A0F-2CD9-4BD1-9667-8DDDECC98C96} = {2CC46A0F-2CD9-4BD1-9667-8DDDECC98C96}
		{BD3A95FA-A3DE-4B79-A889-A7E5ECA4B69C} = {BD3A95FA-A3DE-4B79-A889-A7E5ECA4B69C}
	EndProjectSection
EndProject
Project("{8BC9CEB8-8B4A-11D0-8D11-00A0C91BC942}") = "bde_test_io_handle", "bde_test_io_handle\bde_test_io_handle.vcproj", "{76254BAE-8CA1-4322-BBB2-5D64461EAE0C}"
	ProjectSection(ProjectDependencies) = postProject
		{2CC46A0F-2CD9-4BD1-9667-8DDDECC98C96} = {2CC46A0F-2CD9-4BD1-9667-8DDDECC98C96}
		{BD3A95FA-A3DE-4B79-A889-A7E5ECA4B69C} = {BD3A95FA-A3DE-4B79-A889-A7E5ECA4B69C}
	EndProjectSection
EndProject
Project("{8BC9CEB8-8B4A-11D0-8D11-00A0C91BC942}") = "bde_test_key", "bde_test_key\bde_test_key.vcproj", "{DEFBC481-358B-422B-945A-BE0F1218B970}"
	ProjectSection(ProjectDependencies) = postProject
		{2CC46A0F-2CD9-4BD1-9667-8DDDECC98C96} = {2CC46A0F-2CD9-4BD1-9667-8DDDECC98C96}
		{BD3A95FA-A3DE-4B79-A889-A7E5ECA4B69C} = {BD3A95FA-A3DE-4B79-A889-A7E5ECA4B69C}
	EndProjectSection
EndProject
Project("{8BC9CEB8-8B4A-11D0-8D11-00A0C91BC942}") = "bde_test_key_protector", "bde_test_key_protector\bde_test_key_protector.vcproj", "{4E955628-36C3-43F6-A1F2-35F62891710C}"
	ProjectSection(ProjectDependencies) = postProject
		{2CC46A0F-2CD9-4BD1-9667-8DDDECC98C96} = {2CC46A0F-2CD9-4BD1-9667-8DDDECC98C96}
		{BD3A95FA-A3DE-4B79-A889-A7E5ECA4B69C} = {BD3A95FA-A3DE-4B79-A889-A7E5ECA4B69C}
	EndProjectSection
EndProject
Project("{8BC9CEB8-8B4A-11D0-8D11-00A0C91BC942}") = "bde_test_metadata", "bde_test_metadata\bde_test_metadata.vcproj", "{81982B69-5E7B-4515-8AE9-F96033FB6198}"
	ProjectSection(ProjectDependencies) = postProject
		{2CC46A0F-2CD9-4BD1-9667-8DDDECC98C96} = {2CC46A0F-2CD9-4BD1-9667-8DDDECC98C96}
		{BD3A95FA-A3DE-4B79-A889-A7E5ECA4B69C} = {BD3A95FA-A3DE-4B79-A889-A7E5ECA4B69C}
	EndProjectSection
EndProject
Project("{8BC9CEB8-8B4A-11D0-8D11-00A0C91BC942}") = "bde_test_metadata_block_header", "bde_test_metadata_block_header\bde_test_metadata_block_header.vcproj", "{5247D728-44D9-4999-B9CF-C839EF37292D}"
	ProjectSection(ProjectDependencies) = postProject
		{41CFAFBF-A1C8-4704-AFEF-31979E6452B9} = {41CFAFBF-A1C8-4704-AFEF-31979E6452B9}
		{3FFB9C05-1145-45A7-9ADE-5C8D70FBD7CA} = {3FFB9C05-1145-45A7-9ADE-5C8D70FBD7CA}
		{4C93BDD3-1804-47F3-9B34-F2DE0CAE1AE0} = {4C93BDD3-1804-47F3-9B34-F2DE0CAE1AE0}
		{BC27FF34-C859-4A1A-95D6-FC89952E1910} = {BC27FF34-C859-4A1A-95D6-FC89952E1910}
		{B86FB73A-4ACC-42DE-9545-586D93955B06} = {B86FB73A-4ACC-42DE-9545-586D93955B06}
		{5304AD69-D449-4589-B2C9-E4607E56A51D} = {5304AD69-D449-4589-B2C9-E4607E56A51D}
		{CEDF8919-00B2-4D8A-88CC-84ADB2D2FF89} = {CEDF8919-00B2-4D8A-88CC-84ADB2D2FF89}
		{B9332DC8-7594-47DF-80C1-38922E0F4DFB} = {B9332DC8-7594-47DF-80C1-38922E0F4DFB}
		{2CC46A0F-2CD9-4BD1-9667-8DDDECC98C96} = {2CC46A0F-2CD9-4BD1-9667-8DDDECC98C96}
		{BD3A95FA-A3DE-4B79-A889-A7E5ECA4B69C} = {BD3A95FA-A3DE-4B79-A889-A7E5ECA4B69C}
	EndProjectSection
EndProject
Project("{8BC9CEB8-8B4A-11D0-8D11-00A0C91BC942}") = "bde_test_metadata_entry", "bde_test_metadata_entry\bde_test_metadata_entry.vcproj", "{1F79469A-AE3A-466F-8210-6D04BBC1A52A}"
	ProjectSection(ProjectDependencies) = postProject
		{2CC46A0F-2CD9-4BD1-9667-8DDDECC98C96} = {2CC46A0F-2CD9-4BD1-9667-8DDDECC98C96}
		{BD3A95FA-A3DE-4B79-A889-A7E5ECA4B69C} = {BD3A95FA-A3DE-4B79-A889-A7E5ECA4B69C}
	EndProjectSection
EndProject
Project("{8BC9CEB8-8B4A-11D0-8D11-00A0C91BC942}") = "bde_test_metadata_header", "bde_test_metadata_header\bde_test_metadata_header.vcproj", "{6180BF13-9C60-4CB0-8141-84D5496E6321}"
	ProjectSection(ProjectDependencies) = postProject
		{41CFAFBF-A1C8-4704-AFEF-31979E6452B9} = {41CFAFBF-A1C8-4704-AFEF-31979E6452B9}
		{3FFB9C05-1145-45A7-9ADE-5C8D70FBD7CA} = {3FFB9C05-1145-45A7-9ADE-5C8D70FBD7CA}
		{4C93BDD3-1804-47F3-9B34-F2DE0CAE1AE0} = {4C93BDD3-1804-47F3-9B34-F2DE0CAE1AE0}
		{BC27FF34-C859-4A1A-95D6-FC89952E1910} = {BC27FF34-C859-4A1A-95D6-FC89952E1910}
		{B86FB73A-4ACC-42DE-9545-586D93955B06} = {B86FB73A-4ACC-42DE-9545-586D93955B06}
		{5304AD69-D449-4589-B2C9-E4607E56A51D} = {5304AD69-D449-4589-B2C9-E4607E56A51D}
		{CEDF8919-00B2-4D8A-88CC-84ADB2D2FF89} = {CEDF8919-00B2-4D8A-88CC-84ADB2D2FF89}
		{B9332DC8-7594-47DF-80C1-38922E0F4DFB} = {B9332DC8-7594-47DF-80C1-38922E0F4DFB}
		{2CC46A0F-2CD9-4BD1-9667-8DDDECC98C96} = {2CC46A0F-2CD9-4BD1-9667-8DDDECC98C96}
		{BD3A95FA-A3DE-4B79-A889-A7E5ECA4B69C} = {BD3A95FA-A3DE-4B79-A889-A7E5ECA4B69C}
	EndProjectSection
EndProject
Project("{8BC9CEB8-8B4A-11D0-8D11-00A0C91BC942}") = "bde_test_notify", "bde_test_notify\bde_test_notify.vcproj", "{83E18862-8898-457B-AD59-F2F8CE6B279D}"
	ProjectSection(ProjectDependencies) = postProject
		{2CC46A0F-2CD9-4BD1-9667-8DDDECC98C96} = {2CC46A0F-2CD9-4BD1-9667-8DDDECC98C96}
		{BD3A95FA-A3DE-4B79-A889-A7E5ECA4B69C} = {BD3A95FA-A3DE-4B79-A889-A7E5ECA4B69C}
	EndProjectSection
EndProject
Project("{8BC9CEB8-8B4A-11D0-8D11-00A0C91BC942}") = "bde_test_password", "bde_test_password\bde_test_password.vcproj", "{CB62B884-3B87-4D86-80DD-6D5DB7C1D64C}"
	ProjectSection(ProjectDependencies) = postProject
		{2CC46A0F-2CD9-4BD1-9667-8DDDECC98C96} = {2CC46A0F-2CD9-4BD1-9667-8DDDECC98C96}
		{BD3A95FA-A3DE-4B79-A889-A7E5ECA4B69C} = {BD3A95FA-A3DE-4B79-A889-A7E5ECA4B69C}
	EndProjectSection
EndProject
Project("{8BC9CEB8-8B4A-11D0-8D11-00A0C91BC942}") = "bde_test_password_keep", "bde_test_password_keep\bde_test_password_keep.vcproj", "{D5286D19-9B40-4C5E-BB60-94AC3A73723D}"
	ProjectSection(ProjectDependencies) = postProject
		{2CC46A0F-2CD9-4BD1-9667-8DDDECC98C96} = {2CC46A0F-2CD9-4BD1-9667-8DDDECC98C96}
		{BD3A95FA-A3DE-4B79-A889-A7E5ECA4B69C} = {BD3A95FA-A3DE-4B79-A889-A7E5ECA4B69C}
	EndProjectSection
EndProject
Project("{8BC9CEB8-8B4A-11D0-8D11-00A0C91BC942}") = "bde_test_sector_data", "bde_test_sector_data\bde_test_sector_data.vcproj", "{840A29C6-DEBD-4658-B18D-72A65CE00E23}"
	ProjectSection(ProjectDependencies) = postProject
		{41CFAFBF-A1C8-4704-AFEF-31979E6452B9} = {41CFAFBF-A1C8-4704-AFEF-31979E6452B9}
		{3FFB9C05-1145-45A7-9ADE-5C8D70FBD7CA} = {3FFB9C05-1145-45A7-9ADE-5C8D70FBD7CA}
		{4C93BDD3-1804-47F3-9B34-F2DE0CAE1AE0} = {4C93BDD3-1804-47F3-9B34-F2DE0CAE1AE0}
		{BC27FF34-C859-4A1A-95D6-FC89952E1910} = {BC27FF34-C859-4A1A-95D6-FC89952E1910}
		{B86FB73A-4ACC-42DE-9545-586D93955B06} = {B86FB73A-4ACC-42DE-9545-586D93955B06}
		{5304AD69-D449-4589-B2C9-E4607E56A51D} = {5304AD69-D449-4589-B2C9-E4607E56A51D}
		{CEDF8919-00B2-4D8A-88CC-84ADB2D2FF89} = {CEDF8919-00B2-4D8A-88CC-84ADB2D2FF89}
		{B9332DC8-7594-47DF-80C1-38922E0F4DFB} = {B9332DC8-7594-47DF-80C1-38922E0F4DFB}
		{2CC46A0F-2CD9-4BD1-9667-8DDDECC98C96} = {2CC46A0F-2CD9-4BD1-9667-8DDDECC98C96}
		{BD3A95FA-A3DE-4B79-A889-A7E5ECA4B69C} = {BD3A95FA-A3DE-4B79-A889-A7E5ECA4B69C}
	EndProjectSection
EndProject
Project("{8BC9CEB8-8B4A-11D0-8D11-00A0C91BC942}") = "bde_test_sector_data_vector", "bde_test_sector_data_vector\bde_test_sector_data_vector.vcproj", "{F1CABC87-E8B7-4397-BB2E-E3DECACE5E9F}"
	ProjectSection(ProjectDependencies) = postProject
		{41CFAFBF-A1C8-4704-AFEF-31979E6452B9} = {41CFAFBF-A1C8-4704-AFEF-31979E6452B9}
		{3FFB9C05-1145-45A7-9ADE-5C8D70FBD7CA} = {3FFB9C05-1145-45A7-9ADE-5C8D70FBD7CA}
		{4C93BDD3-1804-47F3-9B34-F2DE0CAE1AE0} = {4C93BDD3-1804-47F3-9B34-F2DE0CAE1AE0}
		{BC27FF34-C859-4A1A-95D6-FC89952E1910} = {BC27FF34-C859-4A1A-95D6-FC89952E1910}
		{B86FB73A-4ACC-42DE-9545-586D93955B06} = {B86FB73A-4ACC-42DE-9545-586D93955B06}
		{5304AD69-D449-4589-B2C9-E4607E56A51D} = {5304AD69-D449-4589-B2C9-E4607E56A51D}
		{CEDF8919-00B2-4D8A-88CC-84ADB2D2FF89} = {CEDF8919-00B2-4D8A-88CC-84ADB2D2FF89}
		{B9332DC8-7594-47DF-80C1-38922E0F4DFB} = {B9332DC8-7594-47DF-80C1-38922E0F4DFB}
		{2CC46A0F-2CD9-4BD1-9667-8DDDECC98C96} = {2CC46A0F-2CD9-4BD1-9667-8DDDECC98C96}
		{BD3A95FA-A3DE-4B79-A889-A7E5ECA4B69C} = {BD3A95FA-A3DE-4B79-A889-A7E5ECA4B69C}
	EndProjectSection
EndProject
Project("{8BC9CEB8-8B4A-11D0-8D11-00A0C91BC942}") = "bde_test_stretch_key", "bde_test_stretch_key\bde_test_stretch_key.vcproj", "{AF910E0C-C3D0-48F8-BEA4-DCC17985BEDA}"
	ProjectSection(ProjectDependencies) = postProject
		{2CC46A0F-2CD9-4BD1-9667-8DDDECC98C96} = {2CC46A0F-2CD9-4BD1-9667-8DDDECC98C96}
		{BD3A95FA-A3DE-4B79-A889-A7E5ECA4B69C} = {BD3A95FA-A3DE-4B79-A889-A7E5ECA4B69C}
	EndProjectSection
EndProject
Project("{8BC9CEB8-8B4A-11D0-8D11-00A0C91BC942}") = "bde_test_support", "bde_test_support\bde_test_support.vcproj", "{4E66309E-1E56-4976-9F88-A2E434266EC7}"
	ProjectSection(ProjectDependencies) = postProject
		{41CFAFBF-A1C8-4704-AFEF-31979E6452B9} = {41CFAFBF-A1C8-4704-AFEF-31979E6452B9}
		{3FFB9C05-1145-45A7-9ADE-5C8D70FBD7CA} = {3FFB9C05-1145-45A7-9ADE-5C8D70FBD7CA}
		{4C93BDD3-1804-47F3-9B34-F2DE0CAE1AE0} = {4C93BDD3-1804-47F3-9B34-F2DE0CAE1AE0}
		{BC27FF34-C859-4A1A-95D6-FC89952E1910} = {BC27FF34-C859-4A1A-95D6-FC89952E1910}
		{B86FB73A-4ACC-42DE-9545-586D93955B06} = {B86FB73A-4ACC-42DE-9545-586D93955B06}
		{5304AD69-D449-4589-B2C9-E4607E56A51D} = {5304AD69-D449-4589-B2C9-E4607E56A51D}
		{CEDF8919-00B2-4D8A-88CC-84ADB2D2FF89} = {CEDF8919-00B2-4D8A-88CC-84ADB2D2FF89}
		{B9332DC8-7594-47DF-80C1-38922E0F4DFB} = {B9332DC8-7594-47DF-80C1-38922E0F4DFB}
		{2CC46A0F-2CD9-4BD1-9667-8DDDECC98C96} = {2CC46A0F-2CD9-4BD1-9667-8DDDECC98C96}
		{BD3A95FA-A3DE-4B79-A889-A7E5ECA4B69C} = {BD3A95FA-A3DE-4B79-A889-A7E5ECA4B69C}
	EndProjectSection
EndProject
Project("{8BC9CEB8-8B4A-11D0-8D11-00A0C91BC942}") = "bde_test_tools_info_handle", "bde_test_tools_info_handle\bde_test_tools_info_handle.vcproj", "{37E0C874-426E-44D6-A462-8427E9F5C79E}"
	ProjectSection(ProjectDependencies) = postProject
		{8C13E498-6369-4792-A0CF-B7134C54561B} = {8C13E498-6369-4792-A0CF-B7134C54561B}
		{25C60507-39C6-4564-912D-DA2E7482A00F} = {25C60507-39C6-4564-912D-DA2E7482A00F}
		{41CFAFBF-A1C8-4704-AFEF-31979E6452B9} = {41CFAFBF-A1C8-4704-AFEF-31979E6452B9}
		{3FFB9C05-1145-45A7-9ADE-5C8D70FBD7CA} = {3FFB9C05-1145-45A7-9ADE-5C8D70FBD7CA}
		{4C93BDD3-1804-47F3-9B34-F2DE0CAE1AE0} = {4C93BDD3-1804-47F3-9B34-F2DE0CAE1AE0}
		{BC27FF34-C859-4A1A-95D6-FC89952E1910} = {BC27FF34-C859-4A1A-95D6-FC89952E1910}
		{B86FB73A-4ACC-42DE-9545-586D93955B06} = {B86FB73A-4ACC-42DE-9545-586D93955B06}
		{5304AD69-D449-4589-B2C9-E4607E56A51D} = {5304AD69-D449-4589-B2C9-E4607E56A51D}
		{CEDF8919-00B2-4D8A-88CC-84ADB2D2FF89} = {CEDF8919-00B2-4D8A-88CC-84ADB2D2FF89}
		{B9332DC8-7594-47DF-80C1-38922E0F4DFB} = {B9332DC8-7594-47DF-80C1-38922E0F4DFB}
		{2CC46A0F-2CD9-4BD1-9667-8DDDECC98C96} = {2CC46A0F-2CD9-4BD1-9667-8DDDECC98C96}
		{BD3A95FA-A3DE-4B79-A889-A7E5ECA4B69C} = {BD3A95FA-A3DE-4B79-A889-A7E5ECA4B69C}
	EndProjectSection
EndProject
Project("{8BC9CEB8-8B4A-11D0-8D11-00A0C91BC942}") = "bde_test_tools_output", "bde_test_tools_output\bde_test_tools_output.vcproj", "{EDCC6DC2-BF50-4022-A200-4A1599C49362}"
	ProjectSection(ProjectDependencies) = postProject
		{2CC46A0F-2CD9-4BD1-9667-8DDDECC98C96} = {2CC46A0F-2CD9-4BD1-9667-8DDDECC98C96}
		{BD3A95FA-A3DE-4B79-A889-A7E5ECA4B69C} = {BD3A95FA-A3DE-4B79-A889-A7E5ECA4B69C}
	EndProjectSection
EndProject
Project("{8BC9CEB8-8B4A-11D0-8D11-00A0C91BC942}") = "bde_test_tools_signal", "bde_test_tools_signal\bde_test_tools_signal.vcproj", "{6658A6BC-14DB-41EE-8949-0D6B5A531012}"
	ProjectSection(ProjectDependencies) = postProject
		{2CC46A0F-2CD9-4BD1-9667-8DDDECC98C96} = {2CC46A0F-2CD9-4BD1-9667-8DDDECC98C96}
		{BD3A95FA-A3DE-4B79-A889-A7E5ECA4B69C} = {BD3A95FA-A3DE-4B79-A889-A7E5ECA4B69C}
	EndProjectSection
EndProject
Project("{8BC9CEB8-8B4A-11D0-8D11-00A0C91BC942}") = "bde_test_volume", "bde_test_volume\bde_test_volume.vcproj", "{0FA01FCF-7C9F-4FBF-BFE2-0E3D5B67C609}"
	ProjectSection(ProjectDependencies) = postProject
		{41CFAFBF-A1C8-4704-AFEF-31979E6452B9} = {41CFAFBF-A1C8-4704-AFEF-31979E6452B9}
		{3FFB9C05-1145-45A7-9ADE-5C8D70FBD7CA} = {3FFB9C05-1145-45A7-9ADE-5C8D70FBD7CA}
		{4C93BDD3-1804-47F3-9B34-F2DE0CAE1AE0} = {4C93BDD3-1804-47F3-9B34-F2DE0CAE1AE0}
		{BC27FF34-C859-4A1A-95D6-FC89952E1910} = {BC27FF34-C859-4A1A-95D6-FC89952E1910}
		{B86FB73A-4ACC-42DE-9545-586D93955B06} = {B86FB73A-4ACC-42DE-9545-586D93955B06}
		{5304AD69-D449-4589-B2C9-E4607E56A51D} = {5304AD69-D449-4589-B2C9-E4607E56A51D}
		{CEDF8919-00B2-4D8A-88CC-84ADB2D2FF89} = {CEDF8919-00B2-4D8A-88CC-84ADB2D2FF89}
		{B9332DC8-7594-47DF-80C1-38922E0F4DFB} = {B9332DC8-7594-47DF-80C1-38922E0F4DFB}
		{2CC46A0F-2CD9-4BD1-9667-8DDDECC98C96} = {2CC46A0F-2CD9-4BD1-9667-8DDDECC98C96}
		{8AFAA2C6-E025-4B45-B96F-A27D04C6115A} = {8AFAA2C6-E025-4B45-B96F-A27D04C6115A}
		{BD3A95FA-A3DE-4B79-A889-A7E5ECA4B69C} = {BD3A95FA-A3DE-4B79-A889-A7E5ECA4B69C}
	EndProjectSection
EndProject
Project("{8BC9CEB8-8B4A-11D0-8D11-00A0C91BC942}") = "bde_test_volume_header", "bde_test_volume_header\bde_test_volume_header.vcproj", "{8AE16F4F-28B1-48F5-A8F0-0D9C866A1CCC}"
	ProjectSection(ProjectDependencies) = postProject
		{41CFAFBF-A1C8-4704-AFEF-31979E6452B9} = {41CFAFBF-A1C8-4704-AFEF-31979E6452B9}
		{3FFB9C05-1145-45A7-9ADE-5C8D70FBD7CA} = {3FFB9C05-1145-45A7-9ADE-5C8D70FBD7CA}
		{4C93BDD3-1804-47F3-9B34-F2DE0CAE1AE0} = {4C93BDD3-1804-47F3-9B34-F2DE0CAE1AE0}
		{BC27FF34-C859-4A1A-95D6-FC89952E1910} = {BC27FF34-C859-4A1A-95D6-FC89952E1910}
		{B86FB73A-4ACC-42DE-9545-586D93955B06} = {B86FB73A-4ACC-42DE-9545-586D93955B06}
		{5304AD69-D449-4589-B2C9-E4607E56A51D} = {5304AD69-D449-4589-B2C9-E4607E56A51D}
		{CEDF8919-00B2-4D8A-88CC-84ADB2D2FF89} = {CEDF8919-00B2-4D8A-88CC-84ADB2D2FF89}
		{B9332DC8-7594-47DF-80C1-38922E0F4DFB} = {B9332DC8-7594-47DF-80C1-38922E0F4DFB}
		{2CC46A0F-2CD9-4BD1-9667-8DDDECC98C96} = {2CC46A0F-2CD9-4BD1-9667-8DDDECC98C96}
		{BD3A95FA-A3DE-4B79-A889-A7E5ECA4B69C} = {BD3A95FA-A3DE-4B79-A889-A7E5ECA4B69C}
	EndProjectSection
EndProject
Project("{8BC9CEB8-8B4A-11D0-8D11-00A0C91BC942}") = "bde_test_volume_master_key", "bde_test_volume_master_key\bde_test_volume_master_key.vcproj", "{840F51EE-55FA-4421-9BA0-0D810A1A939A}"
	ProjectSection(ProjectDependencies) = postProject
		{2CC46A0F-2CD9-4BD1-9667-8DDDECC98C96} = {2CC46A0F-2CD9-4BD1-9667-8DDDECC98C96}
		{BD3A95FA-A3DE-4B79-A889-A7E5ECA4B69C} = {BD3A95FA-A3DE-4B79-A889-A7E5ECA4B69C}
	EndProjectSection
EndProject
Project("{8BC9CEB8-8B4A-11D0-8D11-00A0C91BC942}") = "libclocale", "libclocale\libclocale.vcproj", "{CEDF8919-00B2-4D8A-88CC-84ADB2D2FF89}"
	ProjectSection(ProjectDependencies) = postProject
		{BD3A95FA-A3DE-4B79-A889-A7E5ECA4B69C} = {BD3A95FA-A3DE-4B79-A889-A7E5ECA4B69C}
	EndProjectSection
EndProject
Project("{8BC9CEB8-8B4A-11D0-8D11-00A0C91BC942}") = "libbfio", "libbfio\libbfio.vcproj", "{41CFAFBF-A1C8-4704-AFEF-31979E6452B9}"
	ProjectSection(ProjectDependencies) = postProject
		{BD3A95FA-A3DE-4B79-A889-A7E5ECA4B69C} = {BD3A95FA-A3DE-4B79-A889-A7E5ECA4B69C}
		{8AFAA2C6-E025-4B45-B96F-A27D04C6115A} = {8AFAA2C6-E025-4B45-B96F-A27D04C6115A}
		{CEDF8919-00B2-4D8A-88CC-84ADB2D2FF89} = {CEDF8919-00B2-4D8A-88CC-84ADB2D2FF89}
		{5304AD69-D449-4589-B2C9-E4607E56A51D} = {5304AD69-D449-4589-B2C9-E4607E56A51D}
		{B9332DC8-7594-47DF-80C1-38922E0F4DFB} = {B9332DC8-7594-47DF-80C1-38922E0F4DFB}
		{B86FB73A-4ACC-42DE-9545-586D93955B06} = {B86FB73A-4ACC-42DE-9545-586D93955B06}
		{4C93BDD3-1804-47F3-9B34-F2DE0CAE1AE0} = {4C93BDD3-1804-47F3-9B34-F2DE0CAE1AE0}
		{3FFB9C05-1145-45A7-9ADE-5C8D70FBD7CA} = {3FFB9C05-1145-45A7-9ADE-5C8D70FBD7CA}
		{BC27FF34-C859-4A1A-95D6-FC89952E1910} = {BC27FF34-C859-4A1A-95D6-FC89952E1910}
	EndProjectSection
EndProject
Project("{8BC9CEB8-8B4A-11D0-8D11-00A0C91BC942}") = "libcaes", "libcaes\libcaes.vcproj", "{E2E45353-D420-4921-A2CF-59D9047262F8}"
	ProjectSection(ProjectDependencies) = postProject
		{BD3A95FA-A3DE-4B79-A889-A7E5ECA4B69C} = {BD3A95FA-A3DE-4B79-A889-A7E5ECA4B69C}
	EndProjectSection
EndProject
Project("{8BC9CEB8-8B4A-11D0-8D11-00A0C91BC942}") = "pybde", "pybde\pybde.vcproj", "{E221DB4C-B254-47CB-993D-DC7FED580DA1}"
	ProjectSection(ProjectDependencies) = postProject
		{BD3A95FA-A3DE-4B79-A889-A7E5ECA4B69C} = {BD3A95FA-A3DE-4B79-A889-A7E5ECA4B69C}
		{2CC46A0F-2CD9-4BD1-9667-8DDDECC98C96} = {2CC46A0F-2CD9-4BD1-9667-8DDDECC98C96}
		{B9332DC8-7594-47DF-80C1-38922E0F4DFB} = {B9332DC8-7594-47DF-80C1-38922E0F4DFB}
		{CEDF8919-00B2-4D8A-88CC-84ADB2D2FF89} = {CEDF8919-00B2-4D8A-88CC-84ADB2D2FF89}
		{B86FB73A-4ACC-42DE-9545-586D93955B06} = {B86FB73A-4ACC-42DE-9545-586D93955B06}
		{BC27FF34-C859-4A1A-95D6-FC89952E1910} = {BC27FF34-C859-4A1A-95D6-FC89952E1910}
		{4C93BDD3-1804-47F3-9B34-F2DE0CAE1AE0} = {4C93BDD3-1804-47F3-9B34-F2DE0CAE1AE0}
		{3FFB9C05-1145-45A7-9ADE-5C8D70FBD7CA} = {3FFB9C05-1145-45A7-9ADE-5C8D70FBD7CA}
		{41CFAFBF-A1C8-4704-AFEF-31979E6452B9} = {41CFAFBF-A1C8-4704-AFEF-31979E6452B9}
		{8C13E498-6369-4792-A0CF-B7134C54561B} = {8C13E498-6369-4792-A0CF-B7134C54561B}
	EndProjectSection
EndProject
Project("{8BC9CEB8-8B4A-11D0-8D11-00A0C91BC942}") = "libfdatetime", "libfdatetime\libfdatetime.vcproj", "{25C60507-39C6-4564-912D-DA2E7482A00F}"
	ProjectSection(ProjectDependencies) = postProject
		{BD3A95FA-A3DE-4B79-A889-A7E5ECA4B69C} = {BD3A95FA-A3DE-4B79-A889-A7E5ECA4B69C}
	EndProjectSection
EndProject
Project("{8BC9CEB8-8B4A-11D0-8D11-00A0C91BC942}") = "libcfile", "libcfile\libcfile.vcproj", "{4C93BDD3-1804-47F3-9B34-F2DE0CAE1AE0}"
	ProjectSection(ProjectDependencies) = postProject
		{BD3A95FA-A3DE-4B79-A889-A7E5ECA4B69C} = {BD3A95FA-A3DE-4B79-A889-A7E5ECA4B69C}
		{CEDF8919-00B2-4D8A-88CC-84ADB2D2FF89} = {CEDF8919-00B2-4D8A-88CC-84ADB2D2FF89}
		{5304AD69-D449-4589-B2C9-E4607E56A51D} = {5304AD69-D449-4589-B2C9-E4607E56A51D}
		{BC27FF34-C859-4A1A-95D6-FC89952E1910} = {BC27FF34-C859-4A1A-95D6-FC89952E1910}
	EndProjectSection
EndProject
Project("{8BC9CEB8-8B4A-11D0-8D11-00A0C91BC942}") = "libcthreads", "libcthreads\libcthreads.vcproj", "{8AFAA2C6-E025-4B45-B96F-A27D04C6115A}"
	ProjectSection(ProjectDependencies) = postProject
		{BD3A95FA-A3DE-4B79-A889-A7E5ECA4B69C} = {BD3A95FA-A3DE-4B79-A889-A7E5ECA4B69C}
	EndProjectSection
EndProject
Project("{8BC9CEB8-8B4A-11D0-8D11-00A0C91BC942}") = "libbde", "libbde\libbde.vcproj", "{2CC46A0F-2CD9-4BD1-9667-8DDDECC98C96}"
	ProjectSection(ProjectDependencies) = postProject
		{BD3A95FA-A3DE-4B79-A889-A7E5ECA4B69C} = {BD3A95FA-A3DE-4B79-A889-A7E5ECA4B69C}
		{8AFAA2C6-E025-4B45-B96F-A27D04C6115A} = {8AFAA2C6-E025-4B45-B96F-A27D04C6115A}
		{B9332DC8-7594-47DF-80C1-38922E0F4DFB} = {B9332DC8-7594-47DF-80C1-38922E0F4DFB}
		{CEDF8919-00B2-4D8A-88CC-84ADB2D2FF89} = {CEDF8919-00B2-4D8A-88CC-84ADB2D2FF89}
		{5304AD69-D449-4589-B2C9-E4607E56A51D} = {5304AD69-D449-4589-B2C9-E4607E56A51D}
		{B86FB73A-4ACC-42DE-9545-586D93955B06} = {B86FB73A-4ACC-42DE-9545-586D93955B06}
		{BC27FF34-C859-4A1A-95D6-FC89952E1910} = {BC27FF34-C859-4A1A-95D6-FC89952E1910}
		{4C93BDD3-1804-47F3-9B34-F2DE0CAE1AE0} = {4C93BDD3-1804-47F3-9B34-F2DE0CAE1AE0}
		{3FFB9C05-1145-45A7-9ADE-5C8D70FBD7CA} = {3FFB9C05-1145-45A7-9ADE-5C8D70FBD7CA}
		{41CFAFBF-A1C8-4704-AFEF-31979E6452B9} = {41CFAFBF-A1C8-4704-AFEF-31979E6452B9}
		{3D19EAAD-9195-468B-BC5B-D147A89CA4F5} = {3D19EAAD-9195-468B-BC5B-D147A89CA4F5}
		{25C60507-39C6-4564-912D-DA2E7482A00F} = {25C60507-39C6-4564-912D-DA2E7482A00F}
		{8C13E498-6369-4792-A0CF-B7134C54561B} = {8C13E498-6369-4792-A0CF-B7134C54561B}
		{85005D62-6AA7-4D8A-86CB-4061B23D7C6C} = {85005D62-6AA7-4D8A-86CB-4061B23D7C6C}
		{D6DC307C-0CA0-4144-BB19-9C43B476280F} = {D6DC307C-0CA0-4144-BB19-9C43B476280F}
		{E2E45353-D420-4921-A2CF-59D9047262F8} = {E2E45353-D420-4921-A2CF-59D9047262F8}
	EndProjectSection
EndProject
Project("{8BC9CEB8-8B4A-11D0-8D11-00A0C91BC942}") = "libcpath", "libcpath\libcpath.vcproj", "{3FFB9C05-1145-45A7-9ADE-5C8D70FBD7CA}"
	ProjectSection(ProjectDependencies) = postProject
		{BD3A95FA-A3DE-4B79-A889-A7E5ECA4B69C} = {BD3A95FA-A3DE-4B79-A889-A7E5ECA4B69C}
		{CEDF8919-00B2-4D8A-88CC-84ADB2D2FF89} = {CEDF8919-00B2-4D8A-88CC-84ADB2D2FF89}
		{B86FB73A-4ACC-42DE-9545-586D93955B06} = {B86FB73A-4ACC-42DE-9545-586D93955B06}
		{BC27FF34-C859-4A1A-95D6-FC89952E1910} = {BC27FF34-C859-4A1A-95D6-FC89952E1910}
	EndProjectSection
EndProject
Project("{8BC9CEB8-8B4A-11D0-8D11-00A0C91BC942}") = "libhmac", "libhmac\libhmac.vcproj", "{D6DC307C-0CA0-4144-BB19-9C43B476280F}"
	ProjectSection(ProjectDependencies) = postProject
		{BD3A95FA-A3DE-4B79-A889-A7E5ECA4B69C} = {BD3A95FA-A3DE-4B79-A889-A7E5ECA4B69C}
	EndProjectSection
EndProject
Project("{8BC9CEB8-8B4A-11D0-8D11-00A0C91BC942}") = "bdeinfo", "bdeinfo\bdeinfo.vcproj", "{A7545354-5D50-49F6-A3D0-1F97F6228955}"
	ProjectSection(ProjectDependencies) = postProject
		{8C13E498-6369-4792-A0CF-B7134C54561B} = {8C13E498-6369-4792-A0CF-B7134C54561B}
		{25C60507-39C6-4564-912D-DA2E7482A00F} = {25C60507-39C6-4564-912D-DA2E7482A00F}
		{41CFAFBF-A1C8-4704-AFEF-31979E6452B9} = {41CFAFBF-A1C8-4704-AFEF-31979E6452B9}
		{3FFB9C05-1145-45A7-9ADE-5C8D70FBD7CA} = {3FFB9C05-1145-45A7-9ADE-5C8D70FBD7CA}
		{4C93BDD3-1804-47F3-9B34-F2DE0CAE1AE0} = {4C93BDD3-1804-47F3-9B34-F2DE0CAE1AE0}
		{BC27FF34-C859-4A1A-95D6-FC89952E1910} = {BC27FF34-C859-4A1A-95D6-FC89952E1910}
		{B86FB73A-4ACC-42DE-9545-586D93955B06} = {B86FB73A-4ACC-42DE-9545-586D93955B06}
		{B9332DC8-7594-47DF-80C1-38922E0F4DFB} = {B9332DC8-7594-47DF-80C1-38922E0F4DFB}
		{5304AD69-D449-4589-B2C9-E4607E56A51D} = {5304AD69-D449-4589-B2C9-E4607E56A51D}
		{CEDF8919-00B2-4D8A-88CC-84ADB2D2FF89} = {CEDF8919-00B2-4D8A-88CC-84ADB2D2FF89}
		{2CC46A0F-2CD9-4BD1-9667-8DDDECC98C96} = {2CC46A0F-2CD9-4BD1-9667-8DDDECC98C96}
		{BD3A95FA-A3DE-4B79-A889-A7E5ECA4B69C} = {BD3A95FA-A3DE-4B79-A889-A7E5ECA4B69C}
	EndProjectSection
EndProject
Project("{8BC9CEB8-8B4A-11D0-8D11-00A0C91BC942}") = "bdemount", "bdemount\bdemount.vcproj", "{91A40238-86E3-44BA-8CFE-8410F4EE492C}"
	ProjectSection(ProjectDependencies) = postProject
		{41CFAFBF-A1C8-4704-AFEF-31979E6452B9} = {41CFAFBF-A1C8-4704-AFEF-31979E6452B9}
		{3FFB9C05-1145-45A7-9ADE-5C8D70FBD7CA} = {3FFB9C05-1145-45A7-9ADE-5C8D70FBD7CA}
		{4C93BDD3-1804-47F3-9B34-F2DE0CAE1AE0} = {4C93BDD3-1804-47F3-9B34-F2DE0CAE1AE0}
		{BC27FF34-C859-4A1A-95D6-FC89952E1910} = {BC27FF34-C859-4A1A-95D6-FC89952E1910}
		{B86FB73A-4ACC-42DE-9545-586D93955B06} = {B86FB73A-4ACC-42DE-9545-586D93955B06}
		{B9332DC8-7594-47DF-80C1-38922E0F4DFB} = {B9332DC8-7594-47DF-80C1-38922E0F4DFB}
		{5304AD69-D449-4589-B2C9-E4607E56A51D} = {5304AD69-D449-4589-B2C9-E4607E56A51D}
		{CEDF8919-00B2-4D8A-88CC-84ADB2D2FF89} = {CEDF8919-00B2-4D8A-88CC-84ADB2D2FF89}
		{2CC46A0F-2CD9-4BD1-9667-8DDDECC98C96} = {2CC46A0F-2CD9-4BD1-9667-8DDDECC98C96}
		{BD3A95FA-A3DE-4B79-A889-A7E5ECA4B69C} = {BD3A95FA-A3DE-4B79-A889-A7E5ECA4B69C}
	EndProjectSection
EndProject
Project("{8BC9CEB8-8B4A-11D0-8D11-00A0C91BC942}") = "libuna", "libuna\libuna.vcproj", "{BC27FF34-C859-4A1A-95D6-FC89952E1910}"
	ProjectSection(ProjectDependencies) = postProject
		{BD3A95FA-A3DE-4B79-A889-A7E5ECA4B69C} = {BD3A95FA-A3DE-4B79-A889-A7E5ECA4B69C}
	EndProjectSection
EndProject
Project("{8BC9CEB8-8B4A-11D0-8D11-00A0C91BC942}") = "libfvalue", "libfvalue\libfvalue.vcproj", "{85005D62-6AA7-4D8A-86CB-4061B23D7C6C}"
	ProjectSection(ProjectDependencies) = postProject
		{BD3A95FA-A3DE-4B79-A889-A7E5ECA4B69C} = {BD3A95FA-A3DE-4B79-A889-A7E5ECA4B69C}
		{8AFAA2C6-E025-4B45-B96F-A27D04C6115A} = {8AFAA2C6-E025-4B45-B96F-A27D04C6115A}
		{B9332DC8-7594-47DF-80C1-38922E0F4DFB} = {B9332DC8-7594-47DF-80C1-38922E0F4DFB}
		{5304AD69-D449-4589-B2C9-E4607E56A51D} = {5304AD69-D449-4589-B2C9-E4607E56A51D}
		{BC27FF34-C859-4A1A-95D6-FC89952E1910} = {BC27FF34-C859-4A1A-95D6-FC89952E1910}
		{25C60507-39C6-4564-912D-DA2E7482A00F} = {25C60507-39C6-4564-912D-DA2E7482A00F}
		{8C13E498-6369-4792-A0CF-B7134C54561B} = {8C13E498-6369-4792-A0CF-B7134C54561B}
	EndProjectSection
EndProject
Project("{8BC9CEB8-8B4A-11D0-8D11-00A0C91BC942}") = "libcerror", "libcerror\libcerror.vcproj", "{BD3A95FA-A3DE-4B79-A889-A7E5ECA4B69C}"
EndProject
Project("{8BC9CEB8-8B4A-11D0-8D11-00A0C91BC942}") = "libcnotify", "libcnotify\libcnotify.vcproj", "{5304AD69-D449-4589-B2C9-E4607E56A51D}"
	ProjectSection(ProjectDependencies) = postProject
		{BD3A95FA-A3DE-4B79-A889-A7E5ECA4B69C} = {BD3A95FA-A3DE-4B79-A889-A7E5ECA4B69C}
	EndProjectSection
EndProject
Project("{8BC9CEB8-8B4A-11D0-8D11-00A0C91BC942}") = "libcdata", "libcdata\libcdata.vcproj", "{B9332DC8-7594-47DF-80C1-38922E0F4DFB}"
	ProjectSection(ProjectDependencies) = postProject
		{BD3A95FA-A3DE-4B79-A889-A7E5ECA4B69C} = {BD3A95FA-A3DE-4B79-A889-A7E5ECA4B69C}
		{8AFAA2C6-E025-4B45-B96F-A27D04C6115A} = {8AFAA2C6-E025-4B45-B96F-A27D04C6115A}
	EndProjectSection
EndProject
Project("{8BC9CEB8-8B4A-11D0-8D11-00A0C91BC942}") = "libcsplit", "libcsplit\libcsplit.vcproj", "{B86FB73A-4ACC-42DE-9545-586D93955B06}"
	ProjectSection(ProjectDependencies) = postProject
		{BD3A95FA-A3DE-4B79-A889-A7E5ECA4B69C} = {BD3A95FA-A3DE-4B79-A889-A7E5ECA4B69C}
	EndProjectSection
EndProject
Global
	GlobalSection(SolutionConfigurationPlatforms) = preSolution
		Release|Win32 = Release|Win32
		VSDebug|Win32 = VSDebug|Win32
	EndGlobalSection
	GlobalSection(ProjectConfigurationPlatforms) = postSolution
		{3D19EAAD-9195-468B-BC5B-D147A89CA4F5}.Release|Win32.ActiveCfg = Release|Win32
		{3D19EAAD-9195-468B-BC5B-D147A89CA4F5}.Release|Win32.Build.0 = Release|Win32
		{3D19EAAD-9195-468B-BC5B-D147A89CA4F5}.VSDebug|Win32.ActiveCfg = VSDebug|Win32
		{3D19EAAD-9195-468B-BC5B-D147A89CA4F5}.VSDebug|Win32.Build.0 = VSDebug|Win32
		{8C13E498-6369-4792-A0CF-B7134C54561B}.Release|Win32.ActiveCfg = Release|Win32
		{8C13E498-6369-4792-A0CF-B7134C54561B}.Release|Win32.Build.0 = Release|Win32
		{8C13E498-6369-4792-A0CF-B7134C54561B}.VSDebug|Win32.ActiveCfg = VSDebug|Win32
		{8C13E498-6369-4792-A0CF-B7134C54561B}.VSDebug|Win32.Build.0 = VSDebug|Win32
		{3BE4ADBE-7CA5-43D0-A80F-C6DAE51D19AD}.Release|Win32.ActiveCfg = Release|Win32
		{3BE4ADBE-7CA5-43D0-A80F-C6DAE51D19AD}.Release|Win32.Build.0 = Release|Win32
		{3BE4ADBE-7CA5-43D0-A80F-C6DAE51D19AD}.VSDebug|Win32.ActiveCfg = VSDebug|Win32
		{3BE4ADBE-7CA5-43D0-A80F-C6DAE51D19AD}.VSDebug|Win32.Build.0 = VSDebug|Win32
		{CB6B16F2-26B4-4D12-A36F-881C1EB08876}.Release|Win32.ActiveCfg = Release|Win32
		{CB6B16F2-26B4-4D12-A36F-881C1EB08876}.Release|Win32.Build.0 = Release|Win32
		{CB6B16F2-26B4-4D12-A36F-881C1EB08876}.VSDebug|Win32.ActiveCfg = VSDebug|Win32
		{CB6B16F2-26B4-4D12-A36F-881C1EB08876}.VSDebug|Win32.Build.0 = VSDebug|Win32
		{10A45585-35B3-4248-9911-BDCC22674D04}.Release|Win32.ActiveCfg = Release|Win32
		{10A45585-35B3-4248-9911-BDCC22674D04}.Release|Win32.Build.0 = Release|Win32
		{10A45585-35B3-4248-9911-BDCC22674D04}.VSDebug|Win32.ActiveCfg = VSDebug|Win32
		{10A45585-35B3-4248-9911-BDCC22674D04}.VSDebug|Win32.Build.0 = VSDebug|Win32
		{4B88F55E-DF39-4138-B8B2-07384AD9FA15}.Release|Win32.ActiveCfg = Release|Win32
		{4B88F55E-DF39-4138-B8B2-07384AD9FA15}.Release|Win32.Build.0 = Release|Win32
		{4B88F55E-DF39-4138-B8B2-07384AD9FA15}.VSDebug|Win32.ActiveCfg = VSDebug|Win32
		{4B88F55E-DF39-4138-B8B2-07384AD9FA15}.VSDebug|Win32.Build.0 = VSDebug|Win32
		{76254BAE-8CA1-4322-BBB2-5D64461EAE0C}.Release|Win32.ActiveCfg = Release|Win32
		{76254BAE-8CA1-4322-BBB2-5D64461EAE0C}.Release|Win32.Build.0 = Release|Win32
		{76254BAE-8CA1-4322-BBB2-5D64461EAE0C}.VSDebug|Win32.ActiveCfg = VSDebug|Win32
		{76254BAE-8CA1-4322-BBB2-5D64461EAE0C}.VSDebug|Win32.Build.0 = VSDebug|Win32
		{DEFBC481-358B-422B-945A-BE0F1218B970}.Release|Win32.ActiveCfg = Release|Win32
		{DEFBC481-358B-422B-945A-BE0F1218B970}.Release|Win32.Build.0 = Release|Win32
		{DEFBC481-358B-422B-945A-BE0F1218B970}.VSDebug|Win32.ActiveCfg = VSDebug|Win32
		{DEFBC481-358B-422B-945A-BE0F1218B970}.VSDebug|Win32.Build.0 = VSDebug|Win32
		{4E955628-36C3-43F6-A1F2-35F62891710C}.Release|Win32.ActiveCfg = Release|Win32
		{4E955628-36C3-43F6-A1F2-35F62891710C}.Release|Win32.Build.0 = Release|Win32
		{4E955628-36C3-43F6-A1F2-35F62891710C}.VSDebug|Win32.ActiveCfg = VSDebug|Win32
		{4E955628-36C3-43F6-A1F2-35F62891710C}.VSDebug|Win32.Build.0 = VSDebug|Win32
		{81982B69-5E7B-4515-8AE9-F96033FB6198}.Release|Win32.ActiveCfg = Release|Win32
		{81982B69-5E7B-4515-8AE9-F96033FB6198}.Release|Win32.Build.0 = Release|Win32
		{81982B69-5E7B-4515-8AE9-F96033FB6198}.VSDebug|Win32.ActiveCfg = VSDebug|Win32
		{81982B69-5E7B-4515-8AE9-F96033FB6198}.VSDebug|Win32.Build.0 = VSDebug|Win32
		{5247D728-44D9-4999-B9CF-C839EF37292D}.Release|Win32.ActiveCfg = Release|Win32
		{5247D728-44D9-4999-B9CF-C839EF37292D}.Release|Win32.Build.0 = Release|Win32
		{5247D728-44D9-4999-B9CF-C839EF37292D}.VSDebug|Win32.ActiveCfg = VSDebug|Win32
		{5247D728-44D9-4999-B9CF-C839EF37292D}.VSDebug|Win32.Build.0 = VSDebug|Win32
		{1F79469A-AE3A-466F-8210-6D04BBC1A52A}.Release|Win32.ActiveCfg = Release|Win32
		{1F79469A-AE3A-466F-8210-6D04BBC1A52A}.Release|Win32.Build.0 = Release|Win32
		{1F79469A-AE3A-466F-8210-6D04BBC1A52A}.VSDebug|Win32.ActiveCfg = VSDebug|Win32
		{1F79469A-AE3A-466F-8210-6D04BBC1A52A}.VSDebug|Win32.Build.0 = VSDebug|Win32
		{6180BF13-9C60-4CB0-8141-84D5496E6321}.Release|Win32.ActiveCfg = Release|Win32
		{6180BF13-9C60-4CB0-8141-84D5496E6321}.Release|Win32.Build.0 = Release|Win32
		{6180BF13-9C60-4CB0-8141-84D5496E6321}.VSDebug|Win32.ActiveCfg = VSDebug|Win32
		{6180BF13-9C60-4CB0-8141-84D5496E6321}.VSDebug|Win32.Build.0 = VSDebug|Win32
		{83E18862-8898-457B-AD59-F2F8CE6B279D}.Release|Win32.ActiveCfg = Release|Win32
		{83E18862-8898-457B-AD59-F2F8CE6B279D}.Release|Win32.Build.0 = Release|Win32
		{83E18862-8898-457B-AD59-F2F8CE6B279D}.VSDebug|Win32.ActiveCfg = VSDebug|Win32
		{83E18862-8898-457B-AD59-F2F8CE6B279D}.VSDebug|Win32.Build.0 = VSDebug|Win32
		{CB62B884-3B87-4D86-80DD-6D5DB7C1D64C}.Release|Win32.ActiveCfg = Release|Win32
		{CB62B884-3B87-4D86-80DD-6D5DB7C1D64C}.Release|Win32.Build.0 = Release|Win32
		{CB62B884-3B87-4D86-80DD-6D5DB7C1D64C}.VSDebug|Win32.ActiveCfg = VSDebug|Win32
		{CB62B884-3B87-4D86-80DD-6D5DB7C1D64C}.VSDebug|Win32.Build.0 = VSDebug|Win32
		{D5286D19-9B40-4C5E-BB60-94AC3A73723D}.Release|Win32.ActiveCfg = Release|Win32
		{D5286D19-9B40-4C5E-BB60-94AC3A73723D}.Release|Win32.Build.0 = Release|Win32
		{D5286D19-9B40-4C5E-BB60-94AC3A73723D}.VSDebug|Win32.ActiveCfg = VSDebug|Win32
		{D5286D19-9B40-4C5E-BB60-94AC3A73723D}.VSDebug|Win32.Build.0 = VSDebug|Win32
		{840A29C6-DEBD-4658-B18D-72A65CE00E23}.Release|Win32.ActiveCfg = Release|Win32
		{840A29C6-DEBD-4658-B18D-72A65CE00E23}.Release|Win32.Build.0 = Release|Win32
		{840A29C6-DEBD-4658-B18D-72A65CE00E23}.VSDebug|Win32.ActiveCfg = VSDebug|Win32
		{840A29C6-DEBD-4658-B18D-72A65CE00E23}.VSDebug|Win32.Build.0 = VSDebug|Win32
		{F1CABC87-E8B7-4397-BB2E-E3DECACE5E9F}.Release|Win32.ActiveCfg = Release|Win32
		{F1CABC87-E8B7-4397-BB2E-E3DECACE5E9F}.Release|Win32.Build.0 = Release|Win32
		{F1CABC87-E8B7-4397-BB2E-E3DECACE5E9F}.VSDebug|Win32.ActiveCfg = VSDebug|Win32
		{F1CABC87-E8B7-4397-BB2E-E3DECACE5E9F}.VSDebug|Win32.Build.0 = VSDebug|Win32
		{AF910E0C-C3D0-48F8-BEA4-DCC17985BEDA}.Release|Win32.ActiveCfg = Release|Win32
		{AF910E0C-C3D0-48F8-BEA4-DCC17985BEDA}.Release|Win32.Build.0 = Release|Win32
		{AF910E0C-C3D0-48F8-BEA4-DCC17985BEDA}.VSDebug|Win32.ActiveCfg = VSDebug|Win32
		{AF910E0C-C3D0-48F8-BEA4-DCC17985BEDA}.VSDebug|Win32.Build.0 = VSDebug|Win32
		{4E66309E-1E56-4976-9F88-A2E434266EC7}.Release|Win32.ActiveCfg = Release|Win32
		{4E66309E-1E56-4976-9F88-A2E434266EC7}.Release|Win32.Build.0 = Release|Win32
		{4E66309E-1E56-4976-9F88-A2E434266EC7}.VSDebug|Win32.ActiveCfg = VSDebug|Win32
		{4E66309E-1E56-4976-9F88-A2E434266EC7}.VSDebug|Win32.Build.0 = VSDebug|Win32
		{37E0C874-426E-44D6-A462-8427E9F5C79E}.Release|Win32.ActiveCfg = Release|Win32
		{37E0C874-426E-44D6-A462-8427E9F5C79E}.Release|Win32.Build.0 = Release|Win32
		{37E0C874-426E-44D6-A462-8427E9F5C79E}.VSDebug|Win32.ActiveCfg = VSDebug|Win32
		{37E0C874-426E-44D6-A462-8427E9F5C79E}.VSDebug|Win32.Build.0 = VSDebug|Win32
		{EDCC6DC2-BF50-4022-A200-4A1599C49362}.Release|Win32.ActiveCfg = Release|Win32
		{EDCC6DC2-BF50-4022-A200-4A1599C49362}.Release|Win32.Build.0 = Release|Win32
		{EDCC6DC2-BF50-4022-A200-4A1599C49362}.VSDebug|Win32.ActiveCfg = VSDebug|Win32
		{EDCC6DC2-BF50-4022-A200-4A1599C49362}.VSDebug|Win32.Build.0 = VSDebug|Win32
		{6658A6BC-14DB-41EE-8949-0D6B5A531012}.Release|Win32.ActiveCfg = Release|Win32
		{6658A6BC-14DB-41EE-8949-0D6B5A531012}.Release|Win32.Build.0 = Release|Win32
		{6658A6BC-14DB-41EE-8949-0D6B5A531012}.VSDebug|Win32.ActiveCfg = VSDebug|Win32
		{6658A6BC-14DB-41EE-8949-0D6B5A531012}.VSDebug|Win32.Build.0 = VSDebug|Win32
		{0FA01FCF-7C9F-4FBF-BFE2-0E3D5B67C609}.Release|Win32.ActiveCfg = Release|Win32
		{0FA01FCF-7C9F-4FBF-BFE2-0E3D5B67C609}.Release|Win32.Build.0 = Release|Win32
		{0FA01FCF-7C9F-4FBF-BFE2-0E3D5B67C609}.VSDebug|Win32.ActiveCfg = VSDebug|Win32
		{0FA01FCF-7C9F-4FBF-BFE2-0E3D5B67C609}.VSDebug|Win32.Build.0 = VSDebug|Win32
		{8AE16F4F-28B1-48F5-A8F0-0D9C866A1CCC}.Release|Win32.ActiveCfg = Release|Win32
		{8AE16F4F-28B1-48F5-A8F0-0D9C866A1CCC}.Release|Win32.Build.0 = Release|Win32
		{8AE16F4F-28B1-48F5-A8F0-0D9C866A1CCC}.VSDebug|Win32.ActiveCfg = VSDebug|Win32
		{8AE16F4F-28B1-48F5-A8F0-0D9C866A1CCC}.VSDebug|Win32.Build.0 = VSDebug|Win32
		{840F51EE-55FA-4421-9BA0-0D810A1A939A}.Release|Win32.ActiveCfg = Release|Win32
		{840F51EE-55FA-4421-9BA0-0D810A1A939A}.Release|Win32.Build.0 = Release|Win32
		{840F51EE-55FA-4421-9BA0-0D810A1A939A}.VSDebug|Win32.ActiveCfg = VSDebug|Win32
		{840F51EE-55FA-4421-9BA0-0D810A1A939A}.VSDebug|Win32.Build.0 = VSDebug|Win32
		{CEDF8919-00B2-4D8A-88CC-84ADB2D2FF89}.Release|Win32.ActiveCfg = Release|Win32
		{CEDF8919-00B2-4D8A-88CC-84ADB2D2FF89}.Release|Win32.Build.0 = Release|Win32
		{CEDF8919-00B2-4D8A-88CC-84ADB2D2FF89}.VSDebug|Win32.ActiveCfg = VSDebug|Win32
		{CEDF8919-00B2-4D8A-88CC-84ADB2D2FF89}.VSDebug|Win32.Build.0 = VSDebug|Win32
		{41CFAFBF-A1C8-4704-AFEF-31979E6452B9}.Release|Win32.ActiveCfg = Release|Win32
		{41CFAFBF-A1C8-4704-AFEF-31979E6452B9}.Release|Win32.Build.0 = Release|Win32
		{41CFAFBF-A1C8-4704-AFEF-31979E6452B9}.VSDebug|Win32.ActiveCfg = VSDebug|Win32
		{41CFAFBF-A1C8-4704-AFEF-31979E6452B9}.VSDebug|Win32.Build.0 = VSDebug|Win32
		{E2E45353-D420-4921-A2CF-59D9047262F8}.Release|Win32.ActiveCfg = Release|Win32
		{E2E45353-D420-4921-A2CF-59D9047262F8}.Release|Win32.Build.0 = Release|Win32
		{E2E45353-D420-4921-A2CF-59D9047262F8}.VSDebug|Win32.ActiveCfg = VSDebug|Win32
		{E2E45353-D420-4921-A2CF-59D9047262F8}.VSDebug|Win32.Build.0 = VSDebug|Win32
		{E221DB4C-B254-47CB-993D-DC7FED580DA1}.Release|Win32.ActiveCfg = Release|Win32
		{E221DB4C-B254-47CB-993D-DC7FED580DA1}.Release|Win32.Build.0 = Release|Win32
		{E221DB4C-B254-47CB-993D-DC7FED580DA1}.VSDebug|Win32.ActiveCfg = VSDebug|Win32
		{E221DB4C-B254-47CB-993D-DC7FED580DA1}.VSDebug|Win32.Build.0 = VSDebug|Win32
		{25C60507-39C6-4564-912D-DA2E7482A00F}.Release|Win32.ActiveCfg = Release|Win32
		{25C60507-39C6-4564-912D-DA2E7482A00F}.Release|Win32.Build.0 = Release|Win32
		{25C60507-39C6-4564-912D-DA2E7482A00F}.VSDebug|Win32.ActiveCfg = VSDebug|Win32
		{25C60507-39C6-4564-912D-DA2E7482A00F}.VSDebug|Win32.Build.0 = VSDebug|Win32
		{4C93BDD3-1804-47F3-9B34-F2DE0CAE1AE0}.Release|Win32.ActiveCfg = Release|Win32
		{4C93BDD3-1804-47F3-9B34-F2DE0CAE1AE0}.Release|Win32.Build.0 = Release|Win32
		{4C93BDD3-1804-47F3-9B34-F2DE0CAE1AE0}.VSDebug|Win32.ActiveCfg = VSDebug|Win32
		{4C93BDD3-1804-47F3-9B34-F2DE0CAE1AE0}.VSDebug|Win32.Build.0 = VSDebug|Win32
		{8AFAA2C6-E025-4B45-B96F-A27D04C6115A}.Release|Win32.ActiveCfg = Release|Win32
		{8AFAA2C6-E025-4B45-B96F-A27D04C6115A}.Release|Win32.Build.0 = Release|Win32
		{8AFAA2C6-E025-4B45-B96F-A27D04C6115A}.VSDebug|Win32.ActiveCfg = VSDebug|Win32
		{8AFAA2C6-E025-4B45-B96F-A27D04C6115A}.VSDebug|Win32.Build.0 = VSDebug|Win32
		{2CC46A0F-2CD9-4BD1-9667-8DDDECC98C96}.Release|Win32.ActiveCfg = Release|Win32
		{2CC46A0F-2CD9-4BD1-9667-8DDDECC98C96}.Release|Win32.Build.0 = Release|Win32
		{2CC46A0F-2CD9-4BD1-9667-8DDDECC98C96}.VSDebug|Win32.ActiveCfg = VSDebug|Win32
		{2CC46A0F-2CD9-4BD1-9667-8DDDECC98C96}.VSDebug|Win32.Build.0 = VSDebug|Win32
		{3FFB9C05-1145-45A7-9ADE-5C8D70FBD7CA}.Release|Win32.ActiveCfg = Release|Win32
		{3FFB9C05-1145-45A7-9ADE-5C8D70FBD7CA}.Release|Win32.Build.0 = Release|Win32
		{3FFB9C05-1145-45A7-9ADE-5C8D70FBD7CA}.VSDebug|Win32.ActiveCfg = VSDebug|Win32
		{3FFB9C05-1145-45A7-9ADE-5C8D70FBD7CA}.VSDebug|Win32.Build.0 = VSDebug|Win32
		{D6DC307C-0CA0-4144-BB19-9C43B476280F}.Release|Win32.ActiveCfg = Release|Win32
		{D6DC307C-0CA0-4144-BB19-9C43B476280F}.Release|Win32.Build.0 = Release|Win32
		{D6DC307C-0CA0-4144-BB19-9C43B476280F}.VSDebug|Win32.ActiveCfg = VSDebug|Win32
		{D6DC307C-0CA0-4144-BB19-9C43B476280F}.VSDebug|Win32.Build.0 = VSDebug|Win32
		{A7545354-5D50-49F6-A3D0-1F97F6228955}.Release|Win32.ActiveCfg = Release|Win32
		{A7545354-5D50-49F6-A3D0-1F97F6228955}.Release|Win32.Build.0 = Release|Win32
		{A7545354-5D50-49F6-A3D0-1F97F6228955}.VSDebug|Win32.ActiveCfg = VSDebug|Win32
		{A7545354-5D50-49F6-A3D0-1F97F6228955}.VSDebug|Win32.Build.0 = VSDebug|Win32
		{91A40238-86E3-44BA-8CFE-8410F4EE492C}.Release|Win32.ActiveCfg = Release|Win32
		{91A40238-86E3-44BA-8CFE-8410F4EE492C}.Release|Win32.Build.0 = Release|Win32
		{91A40238-86E3-44BA-8CFE-8410F4EE492C}.VSDebug|Win32.ActiveCfg = VSDebug|Win32
		{91A40238-86E3-44BA-8CFE-8410F4EE492C}.VSDebug|Win32.Build.0 = VSDebug|Win32
		{BC27FF34-C859-4A1A-95D6-FC89952E1910}.Release|Win32.ActiveCfg = Release|Win32
		{BC27FF34-C859-4A1A-95D6-FC89952E1910}.Release|Win32.Build.0 = Release|Win32
		{BC27FF34-C859-4A1A-95D6-FC89952E1910}.VSDebug|Win32.ActiveCfg = VSDebug|Win32
		{BC27FF34-C859-4A1A-95D6-FC89952E1910}.VSDebug|Win32.Build.0 = VSDebug|Win32
		{85005D62-6AA7-4D8A-86CB-4061B23D7C6C}.Release|Win32.ActiveCfg = Release|Win32
		{85005D62-6AA7-4D8A-86CB-4061B23D7C6C}.Release|Win32.Build.0 = Release|Win32
		{85005D62-6AA7-4D8A-86CB-4061B23D7C6C}.VSDebug|Win32.ActiveCfg = VSDebug|Win32
		{85005D62-6AA7-4D8A-86CB-4061B23D7C6C}.VSDebug|Win32.Build.0 = VSDebug|Win32
		{BD3A95FA-A3DE-4B79-A889-A7E5ECA4B69C}.Release|Win32.ActiveCfg = Release|Win32
		{BD3A95FA-A3DE-4B79-A889-A7E5ECA4B69C}.Release|Win32.Build.0 = Release|Win32
		{BD3A95FA-A3DE-4B79-A889-A7E5ECA4B69C}.VSDebug|Win32.ActiveCfg = VSDebug|Win32
		{BD3A95FA-A3DE-4B79-A889-A7E5ECA4B69C}.VSDebug|Win32.Build.0 = VSDebug|Win32
		{5304AD69-D449-4589-B2C9-E4607E56A51D}.Release|Win32.ActiveCfg = Release|Win32
		{5304AD69-D449-4589-B2C9-E4607E56A51D}.Release|Win32.Build.0 = Release|Win32
		{5304AD69-D449-4589-B2C9-E4607E56A51D}.VSDebug|Win32.ActiveCfg = VSDebug|Win32
		{5304AD69-D449-4589-B2C9-E4607E56A51D}.VSDebug|Win32.Build.0 = VSDebug|Win32
		{B9332DC8-7594-47DF-80C1-38922E0F4DFB}.Release|Win32.ActiveCfg = Release|Win32
		{B9332DC8-7594-47DF-80C1-38922E0F4DFB}.Release|Win32.Build.0 = Release|Win32
		{B9332DC8-7594-47DF-80C1-38922E0F4DFB}.VSDebug|Win32.ActiveCfg = VSDebug|Win32
		{B9332DC8-7594-47DF-80C1-38922E0F4DFB}.VSDebug|Win32.Build.0 = VSDebug|Win32
		{B86FB73A-4ACC-42DE-9545-586D93955B06}.Release|Win32.ActiveCfg = Release|Win32
		{B86FB73A-4ACC-42DE-9545-586D93955B06}.Release|Win32.Build.0 = Release|Win32
		{B86FB73A-4ACC-42DE-9545-586D93955B06}.VSDebug|Win32.ActiveCfg = VSDebug|Win32
		{B86FB73A-4ACC-42DE-9545-586D93955B06}.VSDebug|Win32.Build.0 = VSDebug|Win32
	EndGlobalSection
	GlobalSection(SolutionProperties) = preSolution
		HideSolutionNode = FALSE
	EndGlobalSection
EndGlobal
